// !$*UTF8*$!
{
	archiveVersion = 1;
	classes = {
	};
	objectVersion = 56;
	objects = {

/* Begin PBXBuildFile section */
		A73D61EC2AFD7AC0005005E6 /* t shirt.usdz in Resources */ = {isa = PBXBuildFile; fileRef = A73D61EB2AFD7AC0005005E6 /* t shirt.usdz */; };
		A73D61F02AFD7B34005005E6 /* Model.swift in Sources */ = {isa = PBXBuildFile; fileRef = A73D61EF2AFD7B34005005E6 /* Model.swift */; };
		A73D61F22AFD7B5E005005E6 /* HomeView.swift in Sources */ = {isa = PBXBuildFile; fileRef = A73D61F12AFD7B5E005005E6 /* HomeView.swift */; };
		A743CBE02AFE9A3800EB15EE /* ModelDrawingView.swift in Sources */ = {isa = PBXBuildFile; fileRef = A743CBDF2AFE9A3800EB15EE /* ModelDrawingView.swift */; };
		A77CE1452AFC21B100BE2F01 /* Drawing_ProjectApp.swift in Sources */ = {isa = PBXBuildFile; fileRef = A77CE1442AFC21B100BE2F01 /* Drawing_ProjectApp.swift */; };
		A77CE1492AFC21B200BE2F01 /* Assets.xcassets in Resources */ = {isa = PBXBuildFile; fileRef = A77CE1482AFC21B200BE2F01 /* Assets.xcassets */; };
		A77CE14C2AFC21B200BE2F01 /* Preview Assets.xcassets in Resources */ = {isa = PBXBuildFile; fileRef = A77CE14B2AFC21B200BE2F01 /* Preview Assets.xcassets */; };
		A77CE1562AFC21B200BE2F01 /* Drawing_ProjectTests.swift in Sources */ = {isa = PBXBuildFile; fileRef = A77CE1552AFC21B200BE2F01 /* Drawing_ProjectTests.swift */; };
		A77CE1602AFC21B200BE2F01 /* Drawing_ProjectUITests.swift in Sources */ = {isa = PBXBuildFile; fileRef = A77CE15F2AFC21B200BE2F01 /* Drawing_ProjectUITests.swift */; };
		A77CE1622AFC21B200BE2F01 /* Drawing_ProjectUITestsLaunchTests.swift in Sources */ = {isa = PBXBuildFile; fileRef = A77CE1612AFC21B200BE2F01 /* Drawing_ProjectUITestsLaunchTests.swift */; };
		A7AE458C2AFD61E200BC7182 /* DrawingView.swift in Sources */ = {isa = PBXBuildFile; fileRef = A7AE458B2AFD61E200BC7182 /* DrawingView.swift */; };
		A7AE458E2AFD622900BC7182 /* DrawingEngine.swift in Sources */ = {isa = PBXBuildFile; fileRef = A7AE458D2AFD622900BC7182 /* DrawingEngine.swift */; };
		A7AE45902AFD63B600BC7182 /* Line.swift in Sources */ = {isa = PBXBuildFile; fileRef = A7AE458F2AFD63B600BC7182 /* Line.swift */; };
/* End PBXBuildFile section */

/* Begin PBXContainerItemProxy section */
		A77CE1522AFC21B200BE2F01 /* PBXContainerItemProxy */ = {
			isa = PBXContainerItemProxy;
			containerPortal = A77CE1392AFC21B100BE2F01 /* Project object */;
			proxyType = 1;
			remoteGlobalIDString = A77CE1402AFC21B100BE2F01;
			remoteInfo = "Drawing Project";
		};
		A77CE15C2AFC21B200BE2F01 /* PBXContainerItemProxy */ = {
			isa = PBXContainerItemProxy;
			containerPortal = A77CE1392AFC21B100BE2F01 /* Project object */;
			proxyType = 1;
			remoteGlobalIDString = A77CE1402AFC21B100BE2F01;
			remoteInfo = "Drawing Project";
		};
/* End PBXContainerItemProxy section */

/* Begin PBXFileReference section */
		A73D61EB2AFD7AC0005005E6 /* t shirt.usdz */ = {isa = PBXFileReference; lastKnownFileType = file.usdz; name = "t shirt.usdz"; path = "../../../../Documents/t shirt.usdz"; sourceTree = "<group>"; };
		A73D61EF2AFD7B34005005E6 /* Model.swift */ = {isa = PBXFileReference; lastKnownFileType = sourcecode.swift; path = Model.swift; sourceTree = "<group>"; };
		A73D61F12AFD7B5E005005E6 /* HomeView.swift */ = {isa = PBXFileReference; lastKnownFileType = sourcecode.swift; path = HomeView.swift; sourceTree = "<group>"; };
		A743CBDF2AFE9A3800EB15EE /* ModelDrawingView.swift */ = {isa = PBXFileReference; lastKnownFileType = sourcecode.swift; path = ModelDrawingView.swift; sourceTree = "<group>"; };
		A77CE1412AFC21B100BE2F01 /* Drawing Project.app */ = {isa = PBXFileReference; explicitFileType = wrapper.application; includeInIndex = 0; path = "Drawing Project.app"; sourceTree = BUILT_PRODUCTS_DIR; };
		A77CE1442AFC21B100BE2F01 /* Drawing_ProjectApp.swift */ = {isa = PBXFileReference; lastKnownFileType = sourcecode.swift; path = Drawing_ProjectApp.swift; sourceTree = "<group>"; };
		A77CE1482AFC21B200BE2F01 /* Assets.xcassets */ = {isa = PBXFileReference; lastKnownFileType = folder.assetcatalog; path = Assets.xcassets; sourceTree = "<group>"; };
		A77CE14B2AFC21B200BE2F01 /* Preview Assets.xcassets */ = {isa = PBXFileReference; lastKnownFileType = folder.assetcatalog; path = "Preview Assets.xcassets"; sourceTree = "<group>"; };
		A77CE1512AFC21B200BE2F01 /* Drawing ProjectTests.xctest */ = {isa = PBXFileReference; explicitFileType = wrapper.cfbundle; includeInIndex = 0; path = "Drawing ProjectTests.xctest"; sourceTree = BUILT_PRODUCTS_DIR; };
		A77CE1552AFC21B200BE2F01 /* Drawing_ProjectTests.swift */ = {isa = PBXFileReference; lastKnownFileType = sourcecode.swift; path = Drawing_ProjectTests.swift; sourceTree = "<group>"; };
		A77CE15B2AFC21B200BE2F01 /* Drawing ProjectUITests.xctest */ = {isa = PBXFileReference; explicitFileType = wrapper.cfbundle; includeInIndex = 0; path = "Drawing ProjectUITests.xctest"; sourceTree = BUILT_PRODUCTS_DIR; };
		A77CE15F2AFC21B200BE2F01 /* Drawing_ProjectUITests.swift */ = {isa = PBXFileReference; lastKnownFileType = sourcecode.swift; path = Drawing_ProjectUITests.swift; sourceTree = "<group>"; };
		A77CE1612AFC21B200BE2F01 /* Drawing_ProjectUITestsLaunchTests.swift */ = {isa = PBXFileReference; lastKnownFileType = sourcecode.swift; path = Drawing_ProjectUITestsLaunchTests.swift; sourceTree = "<group>"; };
		A7AE458B2AFD61E200BC7182 /* DrawingView.swift */ = {isa = PBXFileReference; lastKnownFileType = sourcecode.swift; path = DrawingView.swift; sourceTree = "<group>"; };
		A7AE458D2AFD622900BC7182 /* DrawingEngine.swift */ = {isa = PBXFileReference; lastKnownFileType = sourcecode.swift; path = DrawingEngine.swift; sourceTree = "<group>"; };
		A7AE458F2AFD63B600BC7182 /* Line.swift */ = {isa = PBXFileReference; lastKnownFileType = sourcecode.swift; path = Line.swift; sourceTree = "<group>"; };
/* End PBXFileReference section */

/* Begin PBXFrameworksBuildPhase section */
		A77CE13E2AFC21B100BE2F01 /* Frameworks */ = {
			isa = PBXFrameworksBuildPhase;
			buildActionMask = 2147483647;
			files = (
			);
			runOnlyForDeploymentPostprocessing = 0;
		};
		A77CE14E2AFC21B200BE2F01 /* Frameworks */ = {
			isa = PBXFrameworksBuildPhase;
			buildActionMask = 2147483647;
			files = (
			);
			runOnlyForDeploymentPostprocessing = 0;
		};
		A77CE1582AFC21B200BE2F01 /* Frameworks */ = {
			isa = PBXFrameworksBuildPhase;
			buildActionMask = 2147483647;
			files = (
			);
			runOnlyForDeploymentPostprocessing = 0;
		};
/* End PBXFrameworksBuildPhase section */

/* Begin PBXGroup section */
		A77CE1382AFC21B100BE2F01 = {
			isa = PBXGroup;
			children = (
				A77CE1432AFC21B100BE2F01 /* Drawing Project */,
				A77CE1542AFC21B200BE2F01 /* Drawing ProjectTests */,
				A77CE15E2AFC21B200BE2F01 /* Drawing ProjectUITests */,
				A77CE1422AFC21B100BE2F01 /* Products */,
			);
			sourceTree = "<group>";
		};
		A77CE1422AFC21B100BE2F01 /* Products */ = {
			isa = PBXGroup;
			children = (
				A77CE1412AFC21B100BE2F01 /* Drawing Project.app */,
				A77CE1512AFC21B200BE2F01 /* Drawing ProjectTests.xctest */,
				A77CE15B2AFC21B200BE2F01 /* Drawing ProjectUITests.xctest */,
			);
			name = Products;
			sourceTree = "<group>";
		};
		A77CE1432AFC21B100BE2F01 /* Drawing Project */ = {
			isa = PBXGroup;
			children = (
				A73D61EF2AFD7B34005005E6 /* Model.swift */,
				A7AE458F2AFD63B600BC7182 /* Line.swift */,
				A7AE458D2AFD622900BC7182 /* DrawingEngine.swift */,
				A73D61F12AFD7B5E005005E6 /* HomeView.swift */,
				A7AE458B2AFD61E200BC7182 /* DrawingView.swift */,
				A743CBDF2AFE9A3800EB15EE /* ModelDrawingView.swift */,
				A77CE1442AFC21B100BE2F01 /* Drawing_ProjectApp.swift */,
				A73D61EB2AFD7AC0005005E6 /* t shirt.usdz */,
				A77CE1482AFC21B200BE2F01 /* Assets.xcassets */,
				A77CE14A2AFC21B200BE2F01 /* Preview Content */,
			);
			path = "Drawing Project";
			sourceTree = "<group>";
		};
		A77CE14A2AFC21B200BE2F01 /* Preview Content */ = {
			isa = PBXGroup;
			children = (
				A77CE14B2AFC21B200BE2F01 /* Preview Assets.xcassets */,
			);
			path = "Preview Content";
			sourceTree = "<group>";
		};
		A77CE1542AFC21B200BE2F01 /* Drawing ProjectTests */ = {
			isa = PBXGroup;
			children = (
				A77CE1552AFC21B200BE2F01 /* Drawing_ProjectTests.swift */,
			);
			path = "Drawing ProjectTests";
			sourceTree = "<group>";
		};
		A77CE15E2AFC21B200BE2F01 /* Drawing ProjectUITests */ = {
			isa = PBXGroup;
			children = (
				A77CE15F2AFC21B200BE2F01 /* Drawing_ProjectUITests.swift */,
				A77CE1612AFC21B200BE2F01 /* Drawing_ProjectUITestsLaunchTests.swift */,
			);
			path = "Drawing ProjectUITests";
			sourceTree = "<group>";
		};
/* End PBXGroup section */

/* Begin PBXNativeTarget section */
		A77CE1402AFC21B100BE2F01 /* Drawing Project */ = {
			isa = PBXNativeTarget;
			buildConfigurationList = A77CE1652AFC21B200BE2F01 /* Build configuration list for PBXNativeTarget "Drawing Project" */;
			buildPhases = (
				A77CE13D2AFC21B100BE2F01 /* Sources */,
				A77CE13E2AFC21B100BE2F01 /* Frameworks */,
				A77CE13F2AFC21B100BE2F01 /* Resources */,
			);
			buildRules = (
			);
			dependencies = (
			);
			name = "Drawing Project";
			productName = "Drawing Project";
			productReference = A77CE1412AFC21B100BE2F01 /* Drawing Project.app */;
			productType = "com.apple.product-type.application";
		};
		A77CE1502AFC21B200BE2F01 /* Drawing ProjectTests */ = {
			isa = PBXNativeTarget;
			buildConfigurationList = A77CE1682AFC21B200BE2F01 /* Build configuration list for PBXNativeTarget "Drawing ProjectTests" */;
			buildPhases = (
				A77CE14D2AFC21B200BE2F01 /* Sources */,
				A77CE14E2AFC21B200BE2F01 /* Frameworks */,
				A77CE14F2AFC21B200BE2F01 /* Resources */,
			);
			buildRules = (
			);
			dependencies = (
				A77CE1532AFC21B200BE2F01 /* PBXTargetDependency */,
			);
			name = "Drawing ProjectTests";
			productName = "Drawing ProjectTests";
			productReference = A77CE1512AFC21B200BE2F01 /* Drawing ProjectTests.xctest */;
			productType = "com.apple.product-type.bundle.unit-test";
		};
		A77CE15A2AFC21B200BE2F01 /* Drawing ProjectUITests */ = {
			isa = PBXNativeTarget;
			buildConfigurationList = A77CE16B2AFC21B200BE2F01 /* Build configuration list for PBXNativeTarget "Drawing ProjectUITests" */;
			buildPhases = (
				A77CE1572AFC21B200BE2F01 /* Sources */,
				A77CE1582AFC21B200BE2F01 /* Frameworks */,
				A77CE1592AFC21B200BE2F01 /* Resources */,
			);
			buildRules = (
			);
			dependencies = (
				A77CE15D2AFC21B200BE2F01 /* PBXTargetDependency */,
			);
			name = "Drawing ProjectUITests";
			productName = "Drawing ProjectUITests";
			productReference = A77CE15B2AFC21B200BE2F01 /* Drawing ProjectUITests.xctest */;
			productType = "com.apple.product-type.bundle.ui-testing";
		};
/* End PBXNativeTarget section */

/* Begin PBXProject section */
		A77CE1392AFC21B100BE2F01 /* Project object */ = {
			isa = PBXProject;
			attributes = {
				BuildIndependentTargetsInParallel = 1;
				LastSwiftUpdateCheck = 1500;
				LastUpgradeCheck = 1500;
				TargetAttributes = {
					A77CE1402AFC21B100BE2F01 = {
						CreatedOnToolsVersion = 15.0.1;
					};
					A77CE1502AFC21B200BE2F01 = {
						CreatedOnToolsVersion = 15.0.1;
						TestTargetID = A77CE1402AFC21B100BE2F01;
					};
					A77CE15A2AFC21B200BE2F01 = {
						CreatedOnToolsVersion = 15.0.1;
						TestTargetID = A77CE1402AFC21B100BE2F01;
					};
				};
			};
			buildConfigurationList = A77CE13C2AFC21B100BE2F01 /* Build configuration list for PBXProject "Drawing Project" */;
			compatibilityVersion = "Xcode 14.0";
			developmentRegion = en;
			hasScannedForEncodings = 0;
			knownRegions = (
				en,
				Base,
			);
			mainGroup = A77CE1382AFC21B100BE2F01;
			productRefGroup = A77CE1422AFC21B100BE2F01 /* Products */;
			projectDirPath = "";
			projectRoot = "";
			targets = (
				A77CE1402AFC21B100BE2F01 /* Drawing Project */,
				A77CE1502AFC21B200BE2F01 /* Drawing ProjectTests */,
				A77CE15A2AFC21B200BE2F01 /* Drawing ProjectUITests */,
			);
		};
/* End PBXProject section */

/* Begin PBXResourcesBuildPhase section */
		A77CE13F2AFC21B100BE2F01 /* Resources */ = {
			isa = PBXResourcesBuildPhase;
			buildActionMask = 2147483647;
			files = (
				A77CE14C2AFC21B200BE2F01 /* Preview Assets.xcassets in Resources */,
				A77CE1492AFC21B200BE2F01 /* Assets.xcassets in Resources */,
				A73D61EC2AFD7AC0005005E6 /* t shirt.usdz in Resources */,
			);
			runOnlyForDeploymentPostprocessing = 0;
		};
		A77CE14F2AFC21B200BE2F01 /* Resources */ = {
			isa = PBXResourcesBuildPhase;
			buildActionMask = 2147483647;
			files = (
			);
			runOnlyForDeploymentPostprocessing = 0;
		};
		A77CE1592AFC21B200BE2F01 /* Resources */ = {
			isa = PBXResourcesBuildPhase;
			buildActionMask = 2147483647;
			files = (
			);
			runOnlyForDeploymentPostprocessing = 0;
		};
/* End PBXResourcesBuildPhase section */

/* Begin PBXSourcesBuildPhase section */
		A77CE13D2AFC21B100BE2F01 /* Sources */ = {
			isa = PBXSourcesBuildPhase;
			buildActionMask = 2147483647;
			files = (
				A73D61F02AFD7B34005005E6 /* Model.swift in Sources */,
				A743CBE02AFE9A3800EB15EE /* ModelDrawingView.swift in Sources */,
				A7AE458E2AFD622900BC7182 /* DrawingEngine.swift in Sources */,
				A7AE458C2AFD61E200BC7182 /* DrawingView.swift in Sources */,
				A73D61F22AFD7B5E005005E6 /* HomeView.swift in Sources */,
				A77CE1452AFC21B100BE2F01 /* Drawing_ProjectApp.swift in Sources */,
				A7AE45902AFD63B600BC7182 /* Line.swift in Sources */,
			);
			runOnlyForDeploymentPostprocessing = 0;
		};
		A77CE14D2AFC21B200BE2F01 /* Sources */ = {
			isa = PBXSourcesBuildPhase;
			buildActionMask = 2147483647;
			files = (
				A77CE1562AFC21B200BE2F01 /* Drawing_ProjectTests.swift in Sources */,
			);
			runOnlyForDeploymentPostprocessing = 0;
		};
		A77CE1572AFC21B200BE2F01 /* Sources */ = {
			isa = PBXSourcesBuildPhase;
			buildActionMask = 2147483647;
			files = (
				A77CE1602AFC21B200BE2F01 /* Drawing_ProjectUITests.swift in Sources */,
				A77CE1622AFC21B200BE2F01 /* Drawing_ProjectUITestsLaunchTests.swift in Sources */,
			);
			runOnlyForDeploymentPostprocessing = 0;
		};
/* End PBXSourcesBuildPhase section */

/* Begin PBXTargetDependency section */
		A77CE1532AFC21B200BE2F01 /* PBXTargetDependency */ = {
			isa = PBXTargetDependency;
			target = A77CE1402AFC21B100BE2F01 /* Drawing Project */;
			targetProxy = A77CE1522AFC21B200BE2F01 /* PBXContainerItemProxy */;
		};
		A77CE15D2AFC21B200BE2F01 /* PBXTargetDependency */ = {
			isa = PBXTargetDependency;
			target = A77CE1402AFC21B100BE2F01 /* Drawing Project */;
			targetProxy = A77CE15C2AFC21B200BE2F01 /* PBXContainerItemProxy */;
		};
/* End PBXTargetDependency section */

/* Begin XCBuildConfiguration section */
		A77CE1632AFC21B200BE2F01 /* Debug */ = {
			isa = XCBuildConfiguration;
			buildSettings = {
				ALWAYS_SEARCH_USER_PATHS = NO;
				ASSETCATALOG_COMPILER_GENERATE_SWIFT_ASSET_SYMBOL_EXTENSIONS = YES;
				CLANG_ANALYZER_NONNULL = YES;
				CLANG_ANALYZER_NUMBER_OBJECT_CONVERSION = YES_AGGRESSIVE;
				CLANG_CXX_LANGUAGE_STANDARD = "gnu++20";
				CLANG_ENABLE_MODULES = YES;
				CLANG_ENABLE_OBJC_ARC = YES;
				CLANG_ENABLE_OBJC_WEAK = YES;
				CLANG_WARN_BLOCK_CAPTURE_AUTORELEASING = YES;
				CLANG_WARN_BOOL_CONVERSION = YES;
				CLANG_WARN_COMMA = YES;
				CLANG_WARN_CONSTANT_CONVERSION = YES;
				CLANG_WARN_DEPRECATED_OBJC_IMPLEMENTATIONS = YES;
				CLANG_WARN_DIRECT_OBJC_ISA_USAGE = YES_ERROR;
				CLANG_WARN_DOCUMENTATION_COMMENTS = YES;
				CLANG_WARN_EMPTY_BODY = YES;
				CLANG_WARN_ENUM_CONVERSION = YES;
				CLANG_WARN_INFINITE_RECURSION = YES;
				CLANG_WARN_INT_CONVERSION = YES;
				CLANG_WARN_NON_LITERAL_NULL_CONVERSION = YES;
				CLANG_WARN_OBJC_IMPLICIT_RETAIN_SELF = YES;
				CLANG_WARN_OBJC_LITERAL_CONVERSION = YES;
				CLANG_WARN_OBJC_ROOT_CLASS = YES_ERROR;
				CLANG_WARN_QUOTED_INCLUDE_IN_FRAMEWORK_HEADER = YES;
				CLANG_WARN_RANGE_LOOP_ANALYSIS = YES;
				CLANG_WARN_STRICT_PROTOTYPES = YES;
				CLANG_WARN_SUSPICIOUS_MOVE = YES;
				CLANG_WARN_UNGUARDED_AVAILABILITY = YES_AGGRESSIVE;
				CLANG_WARN_UNREACHABLE_CODE = YES;
				CLANG_WARN__DUPLICATE_METHOD_MATCH = YES;
				COPY_PHASE_STRIP = NO;
				DEBUG_INFORMATION_FORMAT = dwarf;
				ENABLE_STRICT_OBJC_MSGSEND = YES;
				ENABLE_TESTABILITY = YES;
				ENABLE_USER_SCRIPT_SANDBOXING = YES;
				GCC_C_LANGUAGE_STANDARD = gnu17;
				GCC_DYNAMIC_NO_PIC = NO;
				GCC_NO_COMMON_BLOCKS = YES;
				GCC_OPTIMIZATION_LEVEL = 0;
				GCC_PREPROCESSOR_DEFINITIONS = (
					"DEBUG=1",
					"$(inherited)",
				);
				GCC_WARN_64_TO_32_BIT_CONVERSION = YES;
				GCC_WARN_ABOUT_RETURN_TYPE = YES_ERROR;
				GCC_WARN_UNDECLARED_SELECTOR = YES;
				GCC_WARN_UNINITIALIZED_AUTOS = YES_AGGRESSIVE;
				GCC_WARN_UNUSED_FUNCTION = YES;
				GCC_WARN_UNUSED_VARIABLE = YES;
				IPHONEOS_DEPLOYMENT_TARGET = 17.0;
				LOCALIZATION_PREFERS_STRING_CATALOGS = YES;
				MTL_ENABLE_DEBUG_INFO = INCLUDE_SOURCE;
				MTL_FAST_MATH = YES;
				ONLY_ACTIVE_ARCH = YES;
				SDKROOT = iphoneos;
				SWIFT_ACTIVE_COMPILATION_CONDITIONS = "DEBUG $(inherited)";
				SWIFT_OPTIMIZATION_LEVEL = "-Onone";
			};
			name = Debug;
		};
		A77CE1642AFC21B200BE2F01 /* Release */ = {
			isa = XCBuildConfiguration;
			buildSettings = {
				ALWAYS_SEARCH_USER_PATHS = NO;
				ASSETCATALOG_COMPILER_GENERATE_SWIFT_ASSET_SYMBOL_EXTENSIONS = YES;
				CLANG_ANALYZER_NONNULL = YES;
				CLANG_ANALYZER_NUMBER_OBJECT_CONVERSION = YES_AGGRESSIVE;
				CLANG_CXX_LANGUAGE_STANDARD = "gnu++20";
				CLANG_ENABLE_MODULES = YES;
				CLANG_ENABLE_OBJC_ARC = YES;
				CLANG_ENABLE_OBJC_WEAK = YES;
				CLANG_WARN_BLOCK_CAPTURE_AUTORELEASING = YES;
				CLANG_WARN_BOOL_CONVERSION = YES;
				CLANG_WARN_COMMA = YES;
				CLANG_WARN_CONSTANT_CONVERSION = YES;
				CLANG_WARN_DEPRECATED_OBJC_IMPLEMENTATIONS = YES;
				CLANG_WARN_DIRECT_OBJC_ISA_USAGE = YES_ERROR;
				CLANG_WARN_DOCUMENTATION_COMMENTS = YES;
				CLANG_WARN_EMPTY_BODY = YES;
				CLANG_WARN_ENUM_CONVERSION = YES;
				CLANG_WARN_INFINITE_RECURSION = YES;
				CLANG_WARN_INT_CONVERSION = YES;
				CLANG_WARN_NON_LITERAL_NULL_CONVERSION = YES;
				CLANG_WARN_OBJC_IMPLICIT_RETAIN_SELF = YES;
				CLANG_WARN_OBJC_LITERAL_CONVERSION = YES;
				CLANG_WARN_OBJC_ROOT_CLASS = YES_ERROR;
				CLANG_WARN_QUOTED_INCLUDE_IN_FRAMEWORK_HEADER = YES;
				CLANG_WARN_RANGE_LOOP_ANALYSIS = YES;
				CLANG_WARN_STRICT_PROTOTYPES = YES;
				CLANG_WARN_SUSPICIOUS_MOVE = YES;
				CLANG_WARN_UNGUARDED_AVAILABILITY = YES_AGGRESSIVE;
				CLANG_WARN_UNREACHABLE_CODE = YES;
				CLANG_WARN__DUPLICATE_METHOD_MATCH = YES;
				COPY_PHASE_STRIP = NO;
				DEBUG_INFORMATION_FORMAT = "dwarf-with-dsym";
				ENABLE_NS_ASSERTIONS = NO;
				ENABLE_STRICT_OBJC_MSGSEND = YES;
				ENABLE_USER_SCRIPT_SANDBOXING = YES;
				GCC_C_LANGUAGE_STANDARD = gnu17;
				GCC_NO_COMMON_BLOCKS = YES;
				GCC_WARN_64_TO_32_BIT_CONVERSION = YES;
				GCC_WARN_ABOUT_RETURN_TYPE = YES_ERROR;
				GCC_WARN_UNDECLARED_SELECTOR = YES;
				GCC_WARN_UNINITIALIZED_AUTOS = YES_AGGRESSIVE;
				GCC_WARN_UNUSED_FUNCTION = YES;
				GCC_WARN_UNUSED_VARIABLE = YES;
				IPHONEOS_DEPLOYMENT_TARGET = 17.0;
				LOCALIZATION_PREFERS_STRING_CATALOGS = YES;
				MTL_ENABLE_DEBUG_INFO = NO;
				MTL_FAST_MATH = YES;
				SDKROOT = iphoneos;
				SWIFT_COMPILATION_MODE = wholemodule;
				VALIDATE_PRODUCT = YES;
			};
			name = Release;
		};
		A77CE1662AFC21B200BE2F01 /* Debug */ = {
			isa = XCBuildConfiguration;
			buildSettings = {
				ASSETCATALOG_COMPILER_APPICON_NAME = AppIcon;
				ASSETCATALOG_COMPILER_GLOBAL_ACCENT_COLOR_NAME = AccentColor;
				CODE_SIGN_STYLE = Automatic;
				CURRENT_PROJECT_VERSION = 1;
				DEVELOPMENT_ASSET_PATHS = "\"Drawing Project/Preview Content\"";
				DEVELOPMENT_TEAM = QRM3FUJB2N;
				ENABLE_PREVIEWS = YES;
				GENERATE_INFOPLIST_FILE = YES;
				INFOPLIST_KEY_UIApplicationSceneManifest_Generation = YES;
				INFOPLIST_KEY_UIApplicationSupportsIndirectInputEvents = YES;
				INFOPLIST_KEY_UILaunchScreen_Generation = YES;
				INFOPLIST_KEY_UISupportedInterfaceOrientations_iPad = "UIInterfaceOrientationPortrait UIInterfaceOrientationPortraitUpsideDown UIInterfaceOrientationLandscapeLeft UIInterfaceOrientationLandscapeRight";
				INFOPLIST_KEY_UISupportedInterfaceOrientations_iPhone = "UIInterfaceOrientationPortrait UIInterfaceOrientationLandscapeLeft UIInterfaceOrientationLandscapeRight";
				LD_RUNPATH_SEARCH_PATHS = (
					"$(inherited)",
					"@executable_path/Frameworks",
				);
				MARKETING_VERSION = 1.0;
				PRODUCT_BUNDLE_IDENTIFIER = "com.leonardobilhalva.Drawing-Project";
				PRODUCT_NAME = "$(TARGET_NAME)";
				SWIFT_EMIT_LOC_STRINGS = YES;
				SWIFT_VERSION = 5.0;
				TARGETED_DEVICE_FAMILY = "1,2";
			};
			name = Debug;
		};
		A77CE1672AFC21B200BE2F01 /* Release */ = {
			isa = XCBuildConfiguration;
			buildSettings = {
				ASSETCATALOG_COMPILER_APPICON_NAME = AppIcon;
				ASSETCATALOG_COMPILER_GLOBAL_ACCENT_COLOR_NAME = AccentColor;
				CODE_SIGN_STYLE = Automatic;
				CURRENT_PROJECT_VERSION = 1;
				DEVELOPMENT_ASSET_PATHS = "\"Drawing Project/Preview Content\"";
				DEVELOPMENT_TEAM = QRM3FUJB2N;
				ENABLE_PREVIEWS = YES;
				GENERATE_INFOPLIST_FILE = YES;
				INFOPLIST_KEY_UIApplicationSceneManifest_Generation = YES;
				INFOPLIST_KEY_UIApplicationSupportsIndirectInputEvents = YES;
				INFOPLIST_KEY_UILaunchScreen_Generation = YES;
				INFOPLIST_KEY_UISupportedInterfaceOrientations_iPad = "UIInterfaceOrientationPortrait UIInterfaceOrientationPortraitUpsideDown UIInterfaceOrientationLandscapeLeft UIInterfaceOrientationLandscapeRight";
				INFOPLIST_KEY_UISupportedInterfaceOrientations_iPhone = "UIInterfaceOrientationPortrait UIInterfaceOrientationLandscapeLeft UIInterfaceOrientationLandscapeRight";
				LD_RUNPATH_SEARCH_PATHS = (
					"$(inherited)",
					"@executable_path/Frameworks",
				);
				MARKETING_VERSION = 1.0;
				PRODUCT_BUNDLE_IDENTIFIER = "com.leonardobilhalva.Drawing-Project";
				PRODUCT_NAME = "$(TARGET_NAME)";
				SWIFT_EMIT_LOC_STRINGS = YES;
				SWIFT_VERSION = 5.0;
				TARGETED_DEVICE_FAMILY = "1,2";
			};
			name = Release;
		};
		A77CE1692AFC21B200BE2F01 /* Debug */ = {
			isa = XCBuildConfiguration;
			buildSettings = {
				ALWAYS_EMBED_SWIFT_STANDARD_LIBRARIES = YES;
				BUNDLE_LOADER = "$(TEST_HOST)";
				CODE_SIGN_STYLE = Automatic;
				CURRENT_PROJECT_VERSION = 1;
				DEVELOPMENT_TEAM = QRM3FUJB2N;
				GENERATE_INFOPLIST_FILE = YES;
				IPHONEOS_DEPLOYMENT_TARGET = 17.0;
				MARKETING_VERSION = 1.0;
				PRODUCT_BUNDLE_IDENTIFIER = "com.leonardobilhalva.Drawing-ProjectTests";
				PRODUCT_NAME = "$(TARGET_NAME)";
				SWIFT_EMIT_LOC_STRINGS = NO;
				SWIFT_VERSION = 5.0;
				TARGETED_DEVICE_FAMILY = "1,2";
				TEST_HOST = "$(BUILT_PRODUCTS_DIR)/Drawing Project.app/$(BUNDLE_EXECUTABLE_FOLDER_PATH)/Drawing Project";
			};
			name = Debug;
		};
		A77CE16A2AFC21B200BE2F01 /* Release */ = {
			isa = XCBuildConfiguration;
			buildSettings = {
				ALWAYS_EMBED_SWIFT_STANDARD_LIBRARIES = YES;
				BUNDLE_LOADER = "$(TEST_HOST)";
				CODE_SIGN_STYLE = Automatic;
				CURRENT_PROJECT_VERSION = 1;
				DEVELOPMENT_TEAM = QRM3FUJB2N;
				GENERATE_INFOPLIST_FILE = YES;
				IPHONEOS_DEPLOYMENT_TARGET = 17.0;
				MARKETING_VERSION = 1.0;
				PRODUCT_BUNDLE_IDENTIFIER = "com.leonardobilhalva.Drawing-ProjectTests";
				PRODUCT_NAME = "$(TARGET_NAME)";
				SWIFT_EMIT_LOC_STRINGS = NO;
				SWIFT_VERSION = 5.0;
				TARGETED_DEVICE_FAMILY = "1,2";
				TEST_HOST = "$(BUILT_PRODUCTS_DIR)/Drawing Project.app/$(BUNDLE_EXECUTABLE_FOLDER_PATH)/Drawing Project";
			};
			name = Release;
		};
		A77CE16C2AFC21B200BE2F01 /* Debug */ = {
			isa = XCBuildConfiguration;
			buildSettings = {
				ALWAYS_EMBED_SWIFT_STANDARD_LIBRARIES = YES;
				CODE_SIGN_STYLE = Automatic;
				CURRENT_PROJECT_VERSION = 1;
				DEVELOPMENT_TEAM = QRM3FUJB2N;
				GENERATE_INFOPLIST_FILE = YES;
				MARKETING_VERSION = 1.0;
				PRODUCT_BUNDLE_IDENTIFIER = "com.leonardobilhalva.Drawing-ProjectUITests";
				PRODUCT_NAME = "$(TARGET_NAME)";
				SWIFT_EMIT_LOC_STRINGS = NO;
				SWIFT_VERSION = 5.0;
				TARGETED_DEVICE_FAMILY = "1,2";
				TEST_TARGET_NAME = "Drawing Project";
			};
			name = Debug;
		};
		A77CE16D2AFC21B200BE2F01 /* Release */ = {
			isa = XCBuildConfiguration;
			buildSettings = {
				ALWAYS_EMBED_SWIFT_STANDARD_LIBRARIES = YES;
				CODE_SIGN_STYLE = Automatic;
				CURRENT_PROJECT_VERSION = 1;
				DEVELOPMENT_TEAM = QRM3FUJB2N;
				GENERATE_INFOPLIST_FILE = YES;
				MARKETING_VERSION = 1.0;
				PRODUCT_BUNDLE_IDENTIFIER = "com.leonardobilhalva.Drawing-ProjectUITests";
				PRODUCT_NAME = "$(TARGET_NAME)";
				SWIFT_EMIT_LOC_STRINGS = NO;
				SWIFT_VERSION = 5.0;
				TARGETED_DEVICE_FAMILY = "1,2";
				TEST_TARGET_NAME = "Drawing Project";
			};
			name = Release;
		};
/* End XCBuildConfiguration section */

/* Begin XCConfigurationList section */
		A77CE13C2AFC21B100BE2F01 /* Build configuration list for PBXProject "Drawing Project" */ = {
			isa = XCConfigurationList;
			buildConfigurations = (
				A77CE1632AFC21B200BE2F01 /* Debug */,
				A77CE1642AFC21B200BE2F01 /* Release */,
			);
			defaultConfigurationIsVisible = 0;
			defaultConfigurationName = Release;
		};
		A77CE1652AFC21B200BE2F01 /* Build configuration list for PBXNativeTarget "Drawing Project" */ = {
			isa = XCConfigurationList;
			buildConfigurations = (
				A77CE1662AFC21B200BE2F01 /* Debug */,
				A77CE1672AFC21B200BE2F01 /* Release */,
			);
			defaultConfigurationIsVisible = 0;
			defaultConfigurationName = Release;
		};
		A77CE1682AFC21B200BE2F01 /* Build configuration list for PBXNativeTarget "Drawing ProjectTests" */ = {
			isa = XCConfigurationList;
			buildConfigurations = (
				A77CE1692AFC21B200BE2F01 /* Debug */,
				A77CE16A2AFC21B200BE2F01 /* Release */,
			);
			defaultConfigurationIsVisible = 0;
			defaultConfigurationName = Release;
		};
		A77CE16B2AFC21B200BE2F01 /* Build configuration list for PBXNativeTarget "Drawing ProjectUITests" */ = {
			isa = XCConfigurationList;
			buildConfigurations = (
				A77CE16C2AFC21B200BE2F01 /* Debug */,
				A77CE16D2AFC21B200BE2F01 /* Release */,
			);
			defaultConfigurationIsVisible = 0;
			defaultConfigurationName = Release;
		};
/* End XCConfigurationList section */
	};
	rootObject = A77CE1392AFC21B100BE2F01 /* Project object */;
}
